// !$*UTF8*$!
{
	archiveVersion = 1;
	classes = {
	};
	objectVersion = 56;
	objects = {

/* Begin PBXBuildFile section */
		5D257E1F2B9F87BB00BFFC60 /* SwiftUI_Bootcamp__Beginner_Level_App.swift in Sources */ = {isa = PBXBuildFile; fileRef = 5D257E1E2B9F87BB00BFFC60 /* SwiftUI_Bootcamp__Beginner_Level_App.swift */; };
		5D257E212B9F87BB00BFFC60 /* ContentView.swift in Sources */ = {isa = PBXBuildFile; fileRef = 5D257E202B9F87BB00BFFC60 /* ContentView.swift */; };
		5D257E232B9F87BC00BFFC60 /* Assets.xcassets in Resources */ = {isa = PBXBuildFile; fileRef = 5D257E222B9F87BC00BFFC60 /* Assets.xcassets */; };
		5D257E262B9F87BC00BFFC60 /* Preview Assets.xcassets in Resources */ = {isa = PBXBuildFile; fileRef = 5D257E252B9F87BC00BFFC60 /* Preview Assets.xcassets */; };
		5D257E2D2B9F887200BFFC60 /* Adding Text in SwiftUI | Bootcamp #2.swift in Sources */ = {isa = PBXBuildFile; fileRef = 5D257E2C2B9F887200BFFC60 /* Adding Text in SwiftUI | Bootcamp #2.swift */; };
		5DD7F4E42B9FA92B0051B3F9 /* How to use inits and enums in SwiftUI | Bootcamp #13.swift in Sources */ = {isa = PBXBuildFile; fileRef = 5DD7F4E32B9FA92B0051B3F9 /* How to use inits and enums in SwiftUI | Bootcamp #13.swift */; };
		5DEF99502B9FFB2500D607B7 /* How to use ForEach loops in SwiftUI | Bootcamp #14 .swift in Sources */ = {isa = PBXBuildFile; fileRef = 5DEF994F2B9FFB2500D607B7 /* How to use ForEach loops in SwiftUI | Bootcamp #14 .swift */; };
/* End PBXBuildFile section */

/* Begin PBXFileReference section */
		5D257E1B2B9F87BB00BFFC60 /* SwiftUI Bootcamp (Beginner Level).app */ = {isa = PBXFileReference; explicitFileType = wrapper.application; includeInIndex = 0; path = "SwiftUI Bootcamp (Beginner Level).app"; sourceTree = BUILT_PRODUCTS_DIR; };
		5D257E1E2B9F87BB00BFFC60 /* SwiftUI_Bootcamp__Beginner_Level_App.swift */ = {isa = PBXFileReference; lastKnownFileType = sourcecode.swift; path = SwiftUI_Bootcamp__Beginner_Level_App.swift; sourceTree = "<group>"; };
		5D257E202B9F87BB00BFFC60 /* ContentView.swift */ = {isa = PBXFileReference; lastKnownFileType = sourcecode.swift; path = ContentView.swift; sourceTree = "<group>"; };
		5D257E222B9F87BC00BFFC60 /* Assets.xcassets */ = {isa = PBXFileReference; lastKnownFileType = folder.assetcatalog; path = Assets.xcassets; sourceTree = "<group>"; };
		5D257E252B9F87BC00BFFC60 /* Preview Assets.xcassets */ = {isa = PBXFileReference; lastKnownFileType = folder.assetcatalog; path = "Preview Assets.xcassets"; sourceTree = "<group>"; };
		5D257E2C2B9F887200BFFC60 /* Adding Text in SwiftUI | Bootcamp #2.swift */ = {isa = PBXFileReference; lastKnownFileType = sourcecode.swift; path = "Adding Text in SwiftUI | Bootcamp #2.swift"; sourceTree = "<group>"; };
		5DD7F4E32B9FA92B0051B3F9 /* How to use inits and enums in SwiftUI | Bootcamp #13.swift */ = {isa = PBXFileReference; lastKnownFileType = sourcecode.swift; path = "How to use inits and enums in SwiftUI | Bootcamp #13.swift"; sourceTree = "<group>"; };
		5DEF994F2B9FFB2500D607B7 /* How to use ForEach loops in SwiftUI | Bootcamp #14 .swift */ = {isa = PBXFileReference; lastKnownFileType = sourcecode.swift; path = "How to use ForEach loops in SwiftUI | Bootcamp #14 .swift"; sourceTree = "<group>"; };
/* End PBXFileReference section */

/* Begin PBXFrameworksBuildPhase section */
		5D257E182B9F87BB00BFFC60 /* Frameworks */ = {
			isa = PBXFrameworksBuildPhase;
			buildActionMask = 2147483647;
			files = (
			);
			runOnlyForDeploymentPostprocessing = 0;
		};
/* End PBXFrameworksBuildPhase section */

/* Begin PBXGroup section */
		5D257E122B9F87BB00BFFC60 = {
			isa = PBXGroup;
			children = (
				5D257E1D2B9F87BB00BFFC60 /* SwiftUI Bootcamp (Beginner Level) */,
				5D257E1C2B9F87BB00BFFC60 /* Products */,
			);
			sourceTree = "<group>";
		};
		5D257E1C2B9F87BB00BFFC60 /* Products */ = {
			isa = PBXGroup;
			children = (
				5D257E1B2B9F87BB00BFFC60 /* SwiftUI Bootcamp (Beginner Level).app */,
			);
			name = Products;
			sourceTree = "<group>";
		};
		5D257E1D2B9F87BB00BFFC60 /* SwiftUI Bootcamp (Beginner Level) */ = {
			isa = PBXGroup;
			children = (
				5D257E1E2B9F87BB00BFFC60 /* SwiftUI_Bootcamp__Beginner_Level_App.swift */,
				5DD7F4E32B9FA92B0051B3F9 /* How to use inits and enums in SwiftUI | Bootcamp #13.swift */,
				5D257E2C2B9F887200BFFC60 /* Adding Text in SwiftUI | Bootcamp #2.swift */,
				5DEF994F2B9FFB2500D607B7 /* How to use ForEach loops in SwiftUI | Bootcamp #14 .swift */,
				5D257E202B9F87BB00BFFC60 /* ContentView.swift */,
				5D257E222B9F87BC00BFFC60 /* Assets.xcassets */,
				5D257E242B9F87BC00BFFC60 /* Preview Content */,
			);
			path = "SwiftUI Bootcamp (Beginner Level)";
			sourceTree = "<group>";
		};
		5D257E242B9F87BC00BFFC60 /* Preview Content */ = {
			isa = PBXGroup;
			children = (
				5D257E252B9F87BC00BFFC60 /* Preview Assets.xcassets */,
			);
			path = "Preview Content";
			sourceTree = "<group>";
		};
/* End PBXGroup section */

/* Begin PBXNativeTarget section */
		5D257E1A2B9F87BB00BFFC60 /* SwiftUI Bootcamp (Beginner Level) */ = {
			isa = PBXNativeTarget;
			buildConfigurationList = 5D257E292B9F87BC00BFFC60 /* Build configuration list for PBXNativeTarget "SwiftUI Bootcamp (Beginner Level)" */;
			buildPhases = (
				5D257E172B9F87BB00BFFC60 /* Sources */,
				5D257E182B9F87BB00BFFC60 /* Frameworks */,
				5D257E192B9F87BB00BFFC60 /* Resources */,
			);
			buildRules = (
			);
			dependencies = (
			);
			name = "SwiftUI Bootcamp (Beginner Level)";
			productName = "SwiftUI Bootcamp (Beginner Level)";
			productReference = 5D257E1B2B9F87BB00BFFC60 /* SwiftUI Bootcamp (Beginner Level).app */;
			productType = "com.apple.product-type.application";
		};
/* End PBXNativeTarget section */

/* Begin PBXProject section */
		5D257E132B9F87BB00BFFC60 /* Project object */ = {
			isa = PBXProject;
			attributes = {
				BuildIndependentTargetsInParallel = 1;
				LastSwiftUpdateCheck = 1530;
				LastUpgradeCheck = 1530;
				TargetAttributes = {
					5D257E1A2B9F87BB00BFFC60 = {
						CreatedOnToolsVersion = 15.3;
					};
				};
			};
			buildConfigurationList = 5D257E162B9F87BB00BFFC60 /* Build configuration list for PBXProject "SwiftUI Bootcamp (Beginner Level)" */;
			compatibilityVersion = "Xcode 14.0";
			developmentRegion = en;
			hasScannedForEncodings = 0;
			knownRegions = (
				en,
				Base,
			);
			mainGroup = 5D257E122B9F87BB00BFFC60;
			productRefGroup = 5D257E1C2B9F87BB00BFFC60 /* Products */;
			projectDirPath = "";
			projectRoot = "";
			targets = (
				5D257E1A2B9F87BB00BFFC60 /* SwiftUI Bootcamp (Beginner Level) */,
			);
		};
/* End PBXProject section */

/* Begin PBXResourcesBuildPhase section */
		5D257E192B9F87BB00BFFC60 /* Resources */ = {
			isa = PBXResourcesBuildPhase;
			buildActionMask = 2147483647;
			files = (
				5D257E262B9F87BC00BFFC60 /* Preview Assets.xcassets in Resources */,
				5D257E232B9F87BC00BFFC60 /* Assets.xcassets in Resources */,
			);
			runOnlyForDeploymentPostprocessing = 0;
		};
/* End PBXResourcesBuildPhase section */

/* Begin PBXSourcesBuildPhase section */
		5D257E172B9F87BB00BFFC60 /* Sources */ = {
			isa = PBXSourcesBuildPhase;
			buildActionMask = 2147483647;
			files = (
				5D257E212B9F87BB00BFFC60 /* ContentView.swift in Sources */,
				5D257E2D2B9F887200BFFC60 /* Adding Text in SwiftUI | Bootcamp #2.swift in Sources */,
				5D257E1F2B9F87BB00BFFC60 /* SwiftUI_Bootcamp__Beginner_Level_App.swift in Sources */,
				5DD7F4E42B9FA92B0051B3F9 /* How to use inits and enums in SwiftUI | Bootcamp #13.swift in Sources */,
				5DEF99502B9FFB2500D607B7 /* How to use ForEach loops in SwiftUI | Bootcamp #14 .swift in Sources */,
			);
			runOnlyForDeploymentPostprocessing = 0;
		};
/* End PBXSourcesBuildPhase section */

/* Begin XCBuildConfiguration section */
		5D257E272B9F87BC00BFFC60 /* Debug */ = {
			isa = XCBuildConfiguration;
			buildSettings = {
				ALWAYS_SEARCH_USER_PATHS = NO;
				ASSETCATALOG_COMPILER_GENERATE_SWIFT_ASSET_SYMBOL_EXTENSIONS = YES;
				CLANG_ANALYZER_NONNULL = YES;
				CLANG_ANALYZER_NUMBER_OBJECT_CONVERSION = YES_AGGRESSIVE;
				CLANG_CXX_LANGUAGE_STANDARD = "gnu++20";
				CLANG_ENABLE_MODULES = YES;
				CLANG_ENABLE_OBJC_ARC = YES;
				CLANG_ENABLE_OBJC_WEAK = YES;
				CLANG_WARN_BLOCK_CAPTURE_AUTORELEASING = YES;
				CLANG_WARN_BOOL_CONVERSION = YES;
				CLANG_WARN_COMMA = YES;
				CLANG_WARN_CONSTANT_CONVERSION = YES;
				CLANG_WARN_DEPRECATED_OBJC_IMPLEMENTATIONS = YES;
				CLANG_WARN_DIRECT_OBJC_ISA_USAGE = YES_ERROR;
				CLANG_WARN_DOCUMENTATION_COMMENTS = YES;
				CLANG_WARN_EMPTY_BODY = YES;
				CLANG_WARN_ENUM_CONVERSION = YES;
				CLANG_WARN_INFINITE_RECURSION = YES;
				CLANG_WARN_INT_CONVERSION = YES;
				CLANG_WARN_NON_LITERAL_NULL_CONVERSION = YES;
				CLANG_WARN_OBJC_IMPLICIT_RETAIN_SELF = YES;
				CLANG_WARN_OBJC_LITERAL_CONVERSION = YES;
				CLANG_WARN_OBJC_ROOT_CLASS = YES_ERROR;
				CLANG_WARN_QUOTED_INCLUDE_IN_FRAMEWORK_HEADER = YES;
				CLANG_WARN_RANGE_LOOP_ANALYSIS = YES;
				CLANG_WARN_STRICT_PROTOTYPES = YES;
				CLANG_WARN_SUSPICIOUS_MOVE = YES;
				CLANG_WARN_UNGUARDED_AVAILABILITY = YES_AGGRESSIVE;
				CLANG_WARN_UNREACHABLE_CODE = YES;
				CLANG_WARN__DUPLICATE_METHOD_MATCH = YES;
				COPY_PHASE_STRIP = NO;
				DEBUG_INFORMATION_FORMAT = dwarf;
				ENABLE_STRICT_OBJC_MSGSEND = YES;
				ENABLE_TESTABILITY = YES;
				ENABLE_USER_SCRIPT_SANDBOXING = YES;
				GCC_C_LANGUAGE_STANDARD = gnu17;
				GCC_DYNAMIC_NO_PIC = NO;
				GCC_NO_COMMON_BLOCKS = YES;
				GCC_OPTIMIZATION_LEVEL = 0;
				GCC_PREPROCESSOR_DEFINITIONS = (
					"DEBUG=1",
					"$(inherited)",
				);
				GCC_WARN_64_TO_32_BIT_CONVERSION = YES;
				GCC_WARN_ABOUT_RETURN_TYPE = YES_ERROR;
				GCC_WARN_UNDECLARED_SELECTOR = YES;
				GCC_WARN_UNINITIALIZED_AUTOS = YES_AGGRESSIVE;
				GCC_WARN_UNUSED_FUNCTION = YES;
				GCC_WARN_UNUSED_VARIABLE = YES;
				IPHONEOS_DEPLOYMENT_TARGET = 17.4;
				LOCALIZATION_PREFERS_STRING_CATALOGS = YES;
				MTL_ENABLE_DEBUG_INFO = INCLUDE_SOURCE;
				MTL_FAST_MATH = YES;
				ONLY_ACTIVE_ARCH = YES;
				SDKROOT = iphoneos;
				SWIFT_ACTIVE_COMPILATION_CONDITIONS = "DEBUG $(inherited)";
				SWIFT_OPTIMIZATION_LEVEL = "-Onone";
			};
			name = Debug;
		};
		5D257E282B9F87BC00BFFC60 /* Release */ = {
			isa = XCBuildConfiguration;
			buildSettings = {
				ALWAYS_SEARCH_USER_PATHS = NO;
				ASSETCATALOG_COMPILER_GENERATE_SWIFT_ASSET_SYMBOL_EXTENSIONS = YES;
				CLANG_ANALYZER_NONNULL = YES;
				CLANG_ANALYZER_NUMBER_OBJECT_CONVERSION = YES_AGGRESSIVE;
				CLANG_CXX_LANGUAGE_STANDARD = "gnu++20";
				CLANG_ENABLE_MODULES = YES;
				CLANG_ENABLE_OBJC_ARC = YES;
				CLANG_ENABLE_OBJC_WEAK = YES;
				CLANG_WARN_BLOCK_CAPTURE_AUTORELEASING = YES;
				CLANG_WARN_BOOL_CONVERSION = YES;
				CLANG_WARN_COMMA = YES;
				CLANG_WARN_CONSTANT_CONVERSION = YES;
				CLANG_WARN_DEPRECATED_OBJC_IMPLEMENTATIONS = YES;
				CLANG_WARN_DIRECT_OBJC_ISA_USAGE = YES_ERROR;
				CLANG_WARN_DOCUMENTATION_COMMENTS = YES;
				CLANG_WARN_EMPTY_BODY = YES;
				CLANG_WARN_ENUM_CONVERSION = YES;
				CLANG_WARN_INFINITE_RECURSION = YES;
				CLANG_WARN_INT_CONVERSION = YES;
				CLANG_WARN_NON_LITERAL_NULL_CONVERSION = YES;
				CLANG_WARN_OBJC_IMPLICIT_RETAIN_SELF = YES;
				CLANG_WARN_OBJC_LITERAL_CONVERSION = YES;
				CLANG_WARN_OBJC_ROOT_CLASS = YES_ERROR;
				CLANG_WARN_QUOTED_INCLUDE_IN_FRAMEWORK_HEADER = YES;
				CLANG_WARN_RANGE_LOOP_ANALYSIS = YES;
				CLANG_WARN_STRICT_PROTOTYPES = YES;
				CLANG_WARN_SUSPICIOUS_MOVE = YES;
				CLANG_WARN_UNGUARDED_AVAILABILITY = YES_AGGRESSIVE;
				CLANG_WARN_UNREACHABLE_CODE = YES;
				CLANG_WARN__DUPLICATE_METHOD_MATCH = YES;
				COPY_PHASE_STRIP = NO;
				DEBUG_INFORMATION_FORMAT = "dwarf-with-dsym";
				ENABLE_NS_ASSERTIONS = NO;
				ENABLE_STRICT_OBJC_MSGSEND = YES;
				ENABLE_USER_SCRIPT_SANDBOXING = YES;
				GCC_C_LANGUAGE_STANDARD = gnu17;
				GCC_NO_COMMON_BLOCKS = YES;
				GCC_WARN_64_TO_32_BIT_CONVERSION = YES;
				GCC_WARN_ABOUT_RETURN_TYPE = YES_ERROR;
				GCC_WARN_UNDECLARED_SELECTOR = YES;
				GCC_WARN_UNINITIALIZED_AUTOS = YES_AGGRESSIVE;
				GCC_WARN_UNUSED_FUNCTION = YES;
				GCC_WARN_UNUSED_VARIABLE = YES;
				IPHONEOS_DEPLOYMENT_TARGET = 17.4;
				LOCALIZATION_PREFERS_STRING_CATALOGS = YES;
				MTL_ENABLE_DEBUG_INFO = NO;
				MTL_FAST_MATH = YES;
				SDKROOT = iphoneos;
				SWIFT_COMPILATION_MODE = wholemodule;
				VALIDATE_PRODUCT = YES;
			};
			name = Release;
		};
		5D257E2A2B9F87BC00BFFC60 /* Debug */ = {
			isa = XCBuildConfiguration;
			buildSettings = {
				ASSETCATALOG_COMPILER_APPICON_NAME = AppIcon;
				ASSETCATALOG_COMPILER_GLOBAL_ACCENT_COLOR_NAME = AccentColor;
				CODE_SIGN_STYLE = Automatic;
				CURRENT_PROJECT_VERSION = 1;
				DEVELOPMENT_ASSET_PATHS = "\"SwiftUI Bootcamp (Beginner Level)/Preview Content\"";
				DEVELOPMENT_TEAM = 648GL97VZX;
				ENABLE_PREVIEWS = YES;
				GENERATE_INFOPLIST_FILE = YES;
				INFOPLIST_KEY_UIApplicationSceneManifest_Generation = YES;
				INFOPLIST_KEY_UIApplicationSupportsIndirectInputEvents = YES;
				INFOPLIST_KEY_UILaunchScreen_Generation = YES;
				INFOPLIST_KEY_UISupportedInterfaceOrientations_iPad = "UIInterfaceOrientationPortrait UIInterfaceOrientationPortraitUpsideDown UIInterfaceOrientationLandscapeLeft UIInterfaceOrientationLandscapeRight";
				INFOPLIST_KEY_UISupportedInterfaceOrientations_iPhone = "UIInterfaceOrientationPortrait UIInterfaceOrientationLandscapeLeft UIInterfaceOrientationLandscapeRight";
				LD_RUNPATH_SEARCH_PATHS = (
					"$(inherited)",
					"@executable_path/Frameworks",
				);
				MARKETING_VERSION = 1.0;
				PRODUCT_BUNDLE_IDENTIFIER = "com.jgestradam.SwiftUI-Bootcamp--Beginner-Level-";
				PRODUCT_NAME = "$(TARGET_NAME)";
				SWIFT_EMIT_LOC_STRINGS = YES;
				SWIFT_VERSION = 5.0;
				TARGETED_DEVICE_FAMILY = "1,2";
			};
			name = Debug;
		};
		5D257E2B2B9F87BC00BFFC60 /* Release */ = {
			isa = XCBuildConfiguration;
			buildSettings = {
				ASSETCATALOG_COMPILER_APPICON_NAME = AppIcon;
				ASSETCATALOG_COMPILER_GLOBAL_ACCENT_COLOR_NAME = AccentColor;
				CODE_SIGN_STYLE = Automatic;
				CURRENT_PROJECT_VERSION = 1;
				DEVELOPMENT_ASSET_PATHS = "\"SwiftUI Bootcamp (Beginner Level)/Preview Content\"";
				DEVELOPMENT_TEAM = 648GL97VZX;
				ENABLE_PREVIEWS = YES;
				GENERATE_INFOPLIST_FILE = YES;
				INFOPLIST_KEY_UIApplicationSceneManifest_Generation = YES;
				INFOPLIST_KEY_UIApplicationSupportsIndirectInputEvents = YES;
				INFOPLIST_KEY_UILaunchScreen_Generation = YES;
				INFOPLIST_KEY_UISupportedInterfaceOrientations_iPad = "UIInterfaceOrientationPortrait UIInterfaceOrientationPortraitUpsideDown UIInterfaceOrientationLandscapeLeft UIInterfaceOrientationLandscapeRight";
				INFOPLIST_KEY_UISupportedInterfaceOrientations_iPhone = "UIInterfaceOrientationPortrait UIInterfaceOrientationLandscapeLeft UIInterfaceOrientationLandscapeRight";
				LD_RUNPATH_SEARCH_PATHS = (
					"$(inherited)",
					"@executable_path/Frameworks",
				);
				MARKETING_VERSION = 1.0;
				PRODUCT_BUNDLE_IDENTIFIER = "com.jgestradam.SwiftUI-Bootcamp--Beginner-Level-";
				PRODUCT_NAME = "$(TARGET_NAME)";
				SWIFT_EMIT_LOC_STRINGS = YES;
				SWIFT_VERSION = 5.0;
				TARGETED_DEVICE_FAMILY = "1,2";
			};
			name = Release;
		};
/* End XCBuildConfiguration section */

/* Begin XCConfigurationList section */
		5D257E162B9F87BB00BFFC60 /* Build configuration list for PBXProject "SwiftUI Bootcamp (Beginner Level)" */ = {
			isa = XCConfigurationList;
			buildConfigurations = (
				5D257E272B9F87BC00BFFC60 /* Debug */,
				5D257E282B9F87BC00BFFC60 /* Release */,
			);
			defaultConfigurationIsVisible = 0;
			defaultConfigurationName = Release;
		};
		5D257E292B9F87BC00BFFC60 /* Build configuration list for PBXNativeTarget "SwiftUI Bootcamp (Beginner Level)" */ = {
			isa = XCConfigurationList;
			buildConfigurations = (
				5D257E2A2B9F87BC00BFFC60 /* Debug */,
				5D257E2B2B9F87BC00BFFC60 /* Release */,
			);
			defaultConfigurationIsVisible = 0;
			defaultConfigurationName = Release;
		};
/* End XCConfigurationList section */
	};
	rootObject = 5D257E132B9F87BB00BFFC60 /* Project object */;
}
